
Microsoft Visual Studio Solution File, Format Version 12.00
# Visual Studio Version 17
VisualStudioVersion = 17.0.32014.148
MinimumVisualStudioVersion = 10.0.40219.1
Project("{2150E333-8FDC-42A3-9474-1A3956D46DE8}") = "Services", "Services", "{154DFBC0-E04B-4B44-938E-0AD85CB63CCC}"
EndProject
Project("{2150E333-8FDC-42A3-9474-1A3956D46DE8}") = "Catalog", "Catalog", "{7CCC8243-CC31-4E18-8F88-5855A445890D}"
EndProject
Project("{9A19103F-16F7-4668-BE54-9A1E7A4F7556}") = "Catalog.API", "Services\Catalog\Catalog.API\Catalog.API.csproj", "{99F58E28-A1AE-4A81-B58B-70506D11A2DB}"
EndProject
Project("{E53339B2-1760-4266-BCC7-CA923CBCF16C}") = "docker-compose", "docker-compose.dcproj", "{ECCC3A62-8588-4784-AF8B-300EFA3C7146}"
EndProject
Global
	GlobalSection(SolutionConfigurationPlatforms) = preSolution
		Debug|Any CPU = Debug|Any CPU
		Release|Any CPU = Release|Any CPU
	EndGlobalSection
	GlobalSection(ProjectConfigurationPlatforms) = postSolution
		{99F58E28-A1AE-4A81-B58B-70506D11A2DB}.Debug|Any CPU.ActiveCfg = Debug|Any CPU
		{99F58E28-A1AE-4A81-B58B-70506D11A2DB}.Debug|Any CPU.Build.0 = Debug|Any CPU
		{99F58E28-A1AE-4A81-B58B-70506D11A2DB}.Release|Any CPU.ActiveCfg = Release|Any CPU
		{99F58E28-A1AE-4A81-B58B-70506D11A2DB}.Release|Any CPU.Build.0 = Release|Any CPU
		{ECCC3A62-8588-4784-AF8B-300EFA3C7146}.Debug|Any CPU.ActiveCfg = Debug|Any CPU
		{ECCC3A62-8588-4784-AF8B-300EFA3C7146}.Debug|Any CPU.Build.0 = Debug|Any CPU
		{ECCC3A62-8588-4784-AF8B-300EFA3C7146}.Release|Any CPU.ActiveCfg = Release|Any CPU
		{ECCC3A62-8588-4784-AF8B-300EFA3C7146}.Release|Any CPU.Build.0 = Release|Any CPU
	EndGlobalSection
	GlobalSection(SolutionProperties) = preSolution
		HideSolutionNode = FALSE
	EndGlobalSection
	GlobalSection(NestedProjects) = preSolution
		{7CCC8243-CC31-4E18-8F88-5855A445890D} = {154DFBC0-E04B-4B44-938E-0AD85CB63CCC}
		{99F58E28-A1AE-4A81-B58B-70506D11A2DB} = {7CCC8243-CC31-4E18-8F88-5855A445890D}
	EndGlobalSection
	GlobalSection(ExtensibilityGlobals) = postSolution
		SolutionGuid = {4A601E0B-C1E1-4197-9945-CF671F5AE326}
	EndGlobalSection
EndGlobal
